{
  "name": "open-agent-hub",
  "version": "1.0.0",
  "lockfileVersion": 3,
  "requires": true,
  "packages": {
    "": {
      "name": "open-agent-hub",
      "version": "1.0.0",
      "license": "MIT",
      "bin": {
        "ahub": "scripts/hub.js",
        "oah": "scripts/hub.js",
        "open-agent": "scripts/hub.js",
        "open-agent-hub": "scripts/hub.js"
      }
    }
  }
}
